// !$*UTF8*$!
{
	archiveVersion = 1;
	classes = {
	};
	objectVersion = 46;
	objects = {

/* Begin PBXBuildFile section */
		39DC85637AD3666F7E5AE7F7 /* Pods_newFlag.framework in Frameworks */ = {isa = PBXBuildFile; fileRef = C90DFD3DF7110FFD7A52FCBA /* Pods_newFlag.framework */; };
		F30CD5AE1F355FE100A42B24 /* complete.mp3 in Resources */ = {isa = PBXBuildFile; fileRef = F30CD5AD1F355FE100A42B24 /* complete.mp3 */; };
		F32873451F1D98B600A69751 /* AppDelegate.swift in Sources */ = {isa = PBXBuildFile; fileRef = F32873441F1D98B600A69751 /* AppDelegate.swift */; };
		F32873471F1D98B600A69751 /* GameViewController.swift in Sources */ = {isa = PBXBuildFile; fileRef = F32873461F1D98B600A69751 /* GameViewController.swift */; };
		F328734A1F1D98B600A69751 /* Main.storyboard in Resources */ = {isa = PBXBuildFile; fileRef = F32873481F1D98B600A69751 /* Main.storyboard */; };
		F328734C1F1D98B600A69751 /* Assets.xcassets in Resources */ = {isa = PBXBuildFile; fileRef = F328734B1F1D98B600A69751 /* Assets.xcassets */; };
		F328734F1F1D98B600A69751 /* LaunchScreen.storyboard in Resources */ = {isa = PBXBuildFile; fileRef = F328734D1F1D98B600A69751 /* LaunchScreen.storyboard */; };
		F36EA3981F31717B0080C11F /* card-flip.mp3 in Resources */ = {isa = PBXBuildFile; fileRef = F36EA3961F31717B0080C11F /* card-flip.mp3 */; };
		F36EA3991F31717B0080C11F /* shuffle.wav in Resources */ = {isa = PBXBuildFile; fileRef = F36EA3971F31717B0080C11F /* shuffle.wav */; };
		F3723D011F2035D30094AB16 /* File.swift in Sources */ = {isa = PBXBuildFile; fileRef = F3723D001F2035D30094AB16 /* File.swift */; };
		F3723D071F204F4C0094AB16 /* DeckOfCards.swift in Sources */ = {isa = PBXBuildFile; fileRef = F3723D061F204F4C0094AB16 /* DeckOfCards.swift */; };
		F3723D091F2054280094AB16 /* Game.swift in Sources */ = {isa = PBXBuildFile; fileRef = F3723D081F2054280094AB16 /* Game.swift */; };
/* End PBXBuildFile section */

/* Begin PBXFileReference section */
		4A24767A1FB359191A13CED7 /* Pods-newFlag.release.xcconfig */ = {isa = PBXFileReference; includeInIndex = 1; lastKnownFileType = text.xcconfig; name = "Pods-newFlag.release.xcconfig"; path = "Pods/Target Support Files/Pods-newFlag/Pods-newFlag.release.xcconfig"; sourceTree = "<group>"; };
		8CB16A62FA5242621039DFB6 /* Pods-newFlag.debug.xcconfig */ = {isa = PBXFileReference; includeInIndex = 1; lastKnownFileType = text.xcconfig; name = "Pods-newFlag.debug.xcconfig"; path = "Pods/Target Support Files/Pods-newFlag/Pods-newFlag.debug.xcconfig"; sourceTree = "<group>"; };
		C90DFD3DF7110FFD7A52FCBA /* Pods_newFlag.framework */ = {isa = PBXFileReference; explicitFileType = wrapper.framework; includeInIndex = 0; path = Pods_newFlag.framework; sourceTree = BUILT_PRODUCTS_DIR; };
		F30CD5AD1F355FE100A42B24 /* complete.mp3 */ = {isa = PBXFileReference; lastKnownFileType = audio.mp3; name = complete.mp3; path = ../../../../Desktop/complete.mp3; sourceTree = "<group>"; };
		F32873411F1D98B600A69751 /* newFlag.app */ = {isa = PBXFileReference; explicitFileType = wrapper.application; includeInIndex = 0; path = newFlag.app; sourceTree = BUILT_PRODUCTS_DIR; };
		F32873441F1D98B600A69751 /* AppDelegate.swift */ = {isa = PBXFileReference; lastKnownFileType = sourcecode.swift; path = AppDelegate.swift; sourceTree = "<group>"; };
		F32873461F1D98B600A69751 /* GameViewController.swift */ = {isa = PBXFileReference; lastKnownFileType = sourcecode.swift; path = GameViewController.swift; sourceTree = "<group>"; };
		F32873491F1D98B600A69751 /* Base */ = {isa = PBXFileReference; lastKnownFileType = file.storyboard; name = Base; path = Base.lproj/Main.storyboard; sourceTree = "<group>"; };
		F328734B1F1D98B600A69751 /* Assets.xcassets */ = {isa = PBXFileReference; lastKnownFileType = folder.assetcatalog; path = Assets.xcassets; sourceTree = "<group>"; };
		F328734E1F1D98B600A69751 /* Base */ = {isa = PBXFileReference; lastKnownFileType = file.storyboard; name = Base; path = Base.lproj/LaunchScreen.storyboard; sourceTree = "<group>"; };
		F32873501F1D98B600A69751 /* Info.plist */ = {isa = PBXFileReference; lastKnownFileType = text.plist.xml; path = Info.plist; sourceTree = "<group>"; };
		F36EA3961F31717B0080C11F /* card-flip.mp3 */ = {isa = PBXFileReference; lastKnownFileType = audio.mp3; name = "card-flip.mp3"; path = "../../../../Desktop/memory-sounds/card-flip.mp3"; sourceTree = "<group>"; };
		F36EA3971F31717B0080C11F /* shuffle.wav */ = {isa = PBXFileReference; lastKnownFileType = audio.wav; name = shuffle.wav; path = "../../../../Desktop/memory-sounds/shuffle.wav"; sourceTree = "<group>"; };
		F3723D001F2035D30094AB16 /* File.swift */ = {isa = PBXFileReference; fileEncoding = 4; lastKnownFileType = sourcecode.swift; name = File.swift; path = ../File.swift; sourceTree = "<group>"; };
		F3723D061F204F4C0094AB16 /* DeckOfCards.swift */ = {isa = PBXFileReference; fileEncoding = 4; lastKnownFileType = sourcecode.swift; path = DeckOfCards.swift; sourceTree = "<group>"; };
		F3723D081F2054280094AB16 /* Game.swift */ = {isa = PBXFileReference; fileEncoding = 4; lastKnownFileType = sourcecode.swift; path = Game.swift; sourceTree = "<group>"; };
/* End PBXFileReference section */

/* Begin PBXFrameworksBuildPhase section */
		F328733E1F1D98B600A69751 /* Frameworks */ = {
			isa = PBXFrameworksBuildPhase;
			buildActionMask = 2147483647;
			files = (
				39DC85637AD3666F7E5AE7F7 /* Pods_newFlag.framework in Frameworks */,
			);
			runOnlyForDeploymentPostprocessing = 0;
		};
/* End PBXFrameworksBuildPhase section */

/* Begin PBXGroup section */
		0E5DFE6906FC96539DCCE06B /* Frameworks */ = {
			isa = PBXGroup;
			children = (
				C90DFD3DF7110FFD7A52FCBA /* Pods_newFlag.framework */,
			);
			name = Frameworks;
			sourceTree = "<group>";
		};
		ADA932CC292B9123CB7E233C /* Pods */ = {
			isa = PBXGroup;
			children = (
				8CB16A62FA5242621039DFB6 /* Pods-newFlag.debug.xcconfig */,
				4A24767A1FB359191A13CED7 /* Pods-newFlag.release.xcconfig */,
			);
			name = Pods;
			sourceTree = "<group>";
		};
		F32873381F1D98B600A69751 = {
			isa = PBXGroup;
			children = (
				F32873431F1D98B600A69751 /* newFlag */,
				F32873421F1D98B600A69751 /* Products */,
				ADA932CC292B9123CB7E233C /* Pods */,
				0E5DFE6906FC96539DCCE06B /* Frameworks */,
			);
			sourceTree = "<group>";
		};
		F32873421F1D98B600A69751 /* Products */ = {
			isa = PBXGroup;
			children = (
				F32873411F1D98B600A69751 /* newFlag.app */,
			);
			name = Products;
			sourceTree = "<group>";
		};
		F32873431F1D98B600A69751 /* newFlag */ = {
			isa = PBXGroup;
			children = (
				F32873481F1D98B600A69751 /* Main.storyboard */,
				F32873441F1D98B600A69751 /* AppDelegate.swift */,
				F3723D021F2037B50094AB16 /* Models */,
			);
			path = newFlag;
			sourceTree = "<group>";
		};
		F3723D021F2037B50094AB16 /* Models */ = {
			isa = PBXGroup;
			children = (
				F3723D081F2054280094AB16 /* Game.swift */,
				F3723D061F204F4C0094AB16 /* DeckOfCards.swift */,
				F3723D031F2037FF0094AB16 /* Controllers */,
			);
			name = Models;
			sourceTree = "<group>";
		};
		F3723D031F2037FF0094AB16 /* Controllers */ = {
			isa = PBXGroup;
			children = (
				F32873461F1D98B600A69751 /* GameViewController.swift */,
				F3723D051F2038350094AB16 /* other */,
			);
			name = Controllers;
			sourceTree = "<group>";
		};
		F3723D041F2038190094AB16 /* Assets */ = {
			isa = PBXGroup;
			children = (
				F30CD5AD1F355FE100A42B24 /* complete.mp3 */,
				F36EA3961F31717B0080C11F /* card-flip.mp3 */,
				F36EA3971F31717B0080C11F /* shuffle.wav */,
				F328734B1F1D98B600A69751 /* Assets.xcassets */,
			);
			name = Assets;
			sourceTree = "<group>";
		};
		F3723D051F2038350094AB16 /* other */ = {
			isa = PBXGroup;
			children = (
				F32873501F1D98B600A69751 /* Info.plist */,
				F328734D1F1D98B600A69751 /* LaunchScreen.storyboard */,
				F3723D001F2035D30094AB16 /* File.swift */,
				F3723D041F2038190094AB16 /* Assets */,
			);
			name = other;
			sourceTree = "<group>";
		};
/* End PBXGroup section */

/* Begin PBXNativeTarget section */
		F32873401F1D98B600A69751 /* newFlag */ = {
			isa = PBXNativeTarget;
			buildConfigurationList = F32873531F1D98B600A69751 /* Build configuration list for PBXNativeTarget "newFlag" */;
			buildPhases = (
				F97523F8FE1F64905E9C425E /* [CP] Check Pods Manifest.lock */,
				F328733D1F1D98B600A69751 /* Sources */,
				F328733E1F1D98B600A69751 /* Frameworks */,
				F328733F1F1D98B600A69751 /* Resources */,
				72176E677FAE72863E03D09E /* [CP] Embed Pods Frameworks */,
				5E3452109D7D2830757B4E2A /* [CP] Copy Pods Resources */,
			);
			buildRules = (
			);
			dependencies = (
			);
			name = newFlag;
			productName = newFlag;
			productReference = F32873411F1D98B600A69751 /* newFlag.app */;
			productType = "com.apple.product-type.application";
		};
/* End PBXNativeTarget section */

/* Begin PBXProject section */
		F32873391F1D98B600A69751 /* Project object */ = {
			isa = PBXProject;
			attributes = {
				LastSwiftUpdateCheck = 0830;
				LastUpgradeCheck = 0830;
				ORGANIZATIONNAME = "MAD Student";
				TargetAttributes = {
					F32873401F1D98B600A69751 = {
						CreatedOnToolsVersion = 8.3.3;
						DevelopmentTeam = QKH95T8Q94;
						ProvisioningStyle = Manual;
					};
				};
			};
			buildConfigurationList = F328733C1F1D98B600A69751 /* Build configuration list for PBXProject "newFlag" */;
			compatibilityVersion = "Xcode 3.2";
			developmentRegion = English;
			hasScannedForEncodings = 0;
			knownRegions = (
				en,
				Base,
			);
			mainGroup = F32873381F1D98B600A69751;
			productRefGroup = F32873421F1D98B600A69751 /* Products */;
			projectDirPath = "";
			projectRoot = "";
			targets = (
				F32873401F1D98B600A69751 /* newFlag */,
			);
		};
/* End PBXProject section */

/* Begin PBXResourcesBuildPhase section */
		F328733F1F1D98B600A69751 /* Resources */ = {
			isa = PBXResourcesBuildPhase;
			buildActionMask = 2147483647;
			files = (
				F328734F1F1D98B600A69751 /* LaunchScreen.storyboard in Resources */,
				F30CD5AE1F355FE100A42B24 /* complete.mp3 in Resources */,
				F36EA3981F31717B0080C11F /* card-flip.mp3 in Resources */,
				F328734C1F1D98B600A69751 /* Assets.xcassets in Resources */,
				F328734A1F1D98B600A69751 /* Main.storyboard in Resources */,
				F36EA3991F31717B0080C11F /* shuffle.wav in Resources */,
			);
			runOnlyForDeploymentPostprocessing = 0;
		};
/* End PBXResourcesBuildPhase section */

/* Begin PBXShellScriptBuildPhase section */
		5E3452109D7D2830757B4E2A /* [CP] Copy Pods Resources */ = {
			isa = PBXShellScriptBuildPhase;
			buildActionMask = 2147483647;
			files = (
			);
			inputPaths = (
			);
			name = "[CP] Copy Pods Resources";
			outputPaths = (
			);
			runOnlyForDeploymentPostprocessing = 0;
			shellPath = /bin/sh;
			shellScript = "\"${SRCROOT}/Pods/Target Support Files/Pods-newFlag/Pods-newFlag-resources.sh\"\n";
			showEnvVarsInLog = 0;
		};
		72176E677FAE72863E03D09E /* [CP] Embed Pods Frameworks */ = {
			isa = PBXShellScriptBuildPhase;
			buildActionMask = 2147483647;
			files = (
			);
			inputPaths = (
			);
			name = "[CP] Embed Pods Frameworks";
			outputPaths = (
			);
			runOnlyForDeploymentPostprocessing = 0;
			shellPath = /bin/sh;
			shellScript = "\"${SRCROOT}/Pods/Target Support Files/Pods-newFlag/Pods-newFlag-frameworks.sh\"\n";
			showEnvVarsInLog = 0;
		};
		F97523F8FE1F64905E9C425E /* [CP] Check Pods Manifest.lock */ = {
			isa = PBXShellScriptBuildPhase;
			buildActionMask = 2147483647;
			files = (
			);
			inputPaths = (
			);
			name = "[CP] Check Pods Manifest.lock";
			outputPaths = (
			);
			runOnlyForDeploymentPostprocessing = 0;
			shellPath = /bin/sh;
			shellScript = "diff \"${PODS_PODFILE_DIR_PATH}/Podfile.lock\" \"${PODS_ROOT}/Manifest.lock\" > /dev/null\nif [ $? != 0 ] ; then\n    # print error to STDERR\n    echo \"error: The sandbox is not in sync with the Podfile.lock. Run 'pod install' or update your CocoaPods installation.\" >&2\n    exit 1\nfi\n";
			showEnvVarsInLog = 0;
		};
/* End PBXShellScriptBuildPhase section */

/* Begin PBXSourcesBuildPhase section */
		F328733D1F1D98B600A69751 /* Sources */ = {
			isa = PBXSourcesBuildPhase;
			buildActionMask = 2147483647;
			files = (
				F32873471F1D98B600A69751 /* GameViewController.swift in Sources */,
				F3723D091F2054280094AB16 /* Game.swift in Sources */,
				F3723D071F204F4C0094AB16 /* DeckOfCards.swift in Sources */,
				F3723D011F2035D30094AB16 /* File.swift in Sources */,
				F32873451F1D98B600A69751 /* AppDelegate.swift in Sources */,
			);
			runOnlyForDeploymentPostprocessing = 0;
		};
/* End PBXSourcesBuildPhase section */

/* Begin PBXVariantGroup section */
		F32873481F1D98B600A69751 /* Main.storyboard */ = {
			isa = PBXVariantGroup;
			children = (
				F32873491F1D98B600A69751 /* Base */,
			);
			name = Main.storyboard;
			sourceTree = "<group>";
		};
		F328734D1F1D98B600A69751 /* LaunchScreen.storyboard */ = {
			isa = PBXVariantGroup;
			children = (
				F328734E1F1D98B600A69751 /* Base */,
			);
			name = LaunchScreen.storyboard;
			sourceTree = "<group>";
		};
/* End PBXVariantGroup section */

/* Begin XCBuildConfiguration section */
		F32873511F1D98B600A69751 /* Debug */ = {
			isa = XCBuildConfiguration;
			buildSettings = {
				ALWAYS_SEARCH_USER_PATHS = NO;
				CLANG_ANALYZER_NONNULL = YES;
				CLANG_ANALYZER_NUMBER_OBJECT_CONVERSION = YES_AGGRESSIVE;
				CLANG_CXX_LANGUAGE_STANDARD = "gnu++0x";
				CLANG_CXX_LIBRARY = "libc++";
				CLANG_ENABLE_MODULES = YES;
				CLANG_ENABLE_OBJC_ARC = YES;
				CLANG_WARN_BOOL_CONVERSION = YES;
				CLANG_WARN_CONSTANT_CONVERSION = YES;
				CLANG_WARN_DIRECT_OBJC_ISA_USAGE = YES_ERROR;
				CLANG_WARN_DOCUMENTATION_COMMENTS = YES;
				CLANG_WARN_EMPTY_BODY = YES;
				CLANG_WARN_ENUM_CONVERSION = YES;
				CLANG_WARN_INFINITE_RECURSION = YES;
				CLANG_WARN_INT_CONVERSION = YES;
				CLANG_WARN_OBJC_ROOT_CLASS = YES_ERROR;
				CLANG_WARN_SUSPICIOUS_MOVE = YES;
				CLANG_WARN_UNREACHABLE_CODE = YES;
				CLANG_WARN__DUPLICATE_METHOD_MATCH = YES;
				"CODE_SIGN_IDENTITY[sdk=iphoneos*]" = "iPhone Developer";
				COPY_PHASE_STRIP = NO;
				DEBUG_INFORMATION_FORMAT = dwarf;
				ENABLE_STRICT_OBJC_MSGSEND = YES;
				ENABLE_TESTABILITY = YES;
				GCC_C_LANGUAGE_STANDARD = gnu99;
				GCC_DYNAMIC_NO_PIC = NO;
				GCC_NO_COMMON_BLOCKS = YES;
				GCC_OPTIMIZATION_LEVEL = 0;
				GCC_PREPROCESSOR_DEFINITIONS = (
					"DEBUG=1",
					"$(inherited)",
				);
				GCC_WARN_64_TO_32_BIT_CONVERSION = YES;
				GCC_WARN_ABOUT_RETURN_TYPE = YES_ERROR;
				GCC_WARN_UNDECLARED_SELECTOR = YES;
				GCC_WARN_UNINITIALIZED_AUTOS = YES_AGGRESSIVE;
				GCC_WARN_UNUSED_FUNCTION = YES;
				GCC_WARN_UNUSED_VARIABLE = YES;
				IPHONEOS_DEPLOYMENT_TARGET = 10.3;
				MTL_ENABLE_DEBUG_INFO = YES;
				ONLY_ACTIVE_ARCH = YES;
				SDKROOT = iphoneos;
				SWIFT_ACTIVE_COMPILATION_CONDITIONS = DEBUG;
				SWIFT_OPTIMIZATION_LEVEL = "-Onone";
				TARGETED_DEVICE_FAMILY = "1,2";
			};
			name = Debug;
		};
		F32873521F1D98B600A69751 /* Release */ = {
			isa = XCBuildConfiguration;
			buildSettings = {
				ALWAYS_SEARCH_USER_PATHS = NO;
				CLANG_ANALYZER_NONNULL = YES;
				CLANG_ANALYZER_NUMBER_OBJECT_CONVERSION = YES_AGGRESSIVE;
				CLANG_CXX_LANGUAGE_STANDARD = "gnu++0x";
				CLANG_CXX_LIBRARY = "libc++";
				CLANG_ENABLE_MODULES = YES;
				CLANG_ENABLE_OBJC_ARC = YES;
				CLANG_WARN_BOOL_CONVERSION = YES;
				CLANG_WARN_CONSTANT_CONVERSION = YES;
				CLANG_WARN_DIRECT_OBJC_ISA_USAGE = YES_ERROR;
				CLANG_WARN_DOCUMENTATION_COMMENTS = YES;
				CLANG_WARN_EMPTY_BODY = YES;
				CLANG_WARN_ENUM_CONVERSION = YES;
				CLANG_WARN_INFINITE_RECURSION = YES;
				CLANG_WARN_INT_CONVERSION = YES;
				CLANG_WARN_OBJC_ROOT_CLASS = YES_ERROR;
				CLANG_WARN_SUSPICIOUS_MOVE = YES;
				CLANG_WARN_UNREACHABLE_CODE = YES;
				CLANG_WARN__DUPLICATE_METHOD_MATCH = YES;
				"CODE_SIGN_IDENTITY[sdk=iphoneos*]" = "iPhone Developer";
				COPY_PHASE_STRIP = NO;
				DEBUG_INFORMATION_FORMAT = "dwarf-with-dsym";
				ENABLE_NS_ASSERTIONS = NO;
				ENABLE_STRICT_OBJC_MSGSEND = YES;
				GCC_C_LANGUAGE_STANDARD = gnu99;
				GCC_NO_COMMON_BLOCKS = YES;
				GCC_WARN_64_TO_32_BIT_CONVERSION = YES;
				GCC_WARN_ABOUT_RETURN_TYPE = YES_ERROR;
				GCC_WARN_UNDECLARED_SELECTOR = YES;
				GCC_WARN_UNINITIALIZED_AUTOS = YES_AGGRESSIVE;
				GCC_WARN_UNUSED_FUNCTION = YES;
				GCC_WARN_UNUSED_VARIABLE = YES;
				IPHONEOS_DEPLOYMENT_TARGET = 10.3;
				MTL_ENABLE_DEBUG_INFO = NO;
				SDKROOT = iphoneos;
				SWIFT_OPTIMIZATION_LEVEL = "-Owholemodule";
				TARGETED_DEVICE_FAMILY = "1,2";
				VALIDATE_PRODUCT = YES;
			};
			name = Release;
		};
		F32873541F1D98B600A69751 /* Debug */ = {
			isa = XCBuildConfiguration;
			baseConfigurationReference = 8CB16A62FA5242621039DFB6 /* Pods-newFlag.debug.xcconfig */;
			buildSettings = {
				ASSETCATALOG_COMPILER_APPICON_NAME = AppIcon;
				DEVELOPMENT_TEAM = QKH95T8Q94;
				INFOPLIST_FILE = newFlag/Info.plist;
				LD_RUNPATH_SEARCH_PATHS = "$(inherited) @executable_path/Frameworks";
				PRODUCT_BUNDLE_IDENTIFIER = com.realdealapps.n.america.matchingFlags;
				PRODUCT_NAME = "$(TARGET_NAME)";
				PROVISIONING_PROFILE = "130faaec-4cc4-4be5-bd99-ed6eddac2449";
				PROVISIONING_PROFILE_SPECIFIER = "MatchingFlags - Development";
				SWIFT_VERSION = 3.0;
			};
			name = Debug;
		};
		F32873551F1D98B600A69751 /* Release */ = {
			isa = XCBuildConfiguration;
			baseConfigurationReference = 4A24767A1FB359191A13CED7 /* Pods-newFlag.release.xcconfig */;
			buildSettings = {
				ASSETCATALOG_COMPILER_APPICON_NAME = AppIcon;
				"CODE_SIGN_IDENTITY[sdk=iphoneos*]" = "iPhone Distribution";
				DEVELOPMENT_TEAM = QKH95T8Q94;
				INFOPLIST_FILE = newFlag/Info.plist;
				LD_RUNPATH_SEARCH_PATHS = "$(inherited) @executable_path/Frameworks";
				PRODUCT_BUNDLE_IDENTIFIER = com.realdealapps.n.america.matchingFlags;
				PRODUCT_NAME = "$(TARGET_NAME)";
				PROVISIONING_PROFILE = "b9561bcf-ed95-4cdb-b27b-786f40796abf";
				PROVISIONING_PROFILE_SPECIFIER = "MatchingFlags - Distribution";
				SWIFT_VERSION = 3.0;
			};
			name = Release;
		};
/* End XCBuildConfiguration section */

/* Begin XCConfigurationList section */
		F328733C1F1D98B600A69751 /* Build configuration list for PBXProject "newFlag" */ = {
			isa = XCConfigurationList;
			buildConfigurations = (
				F32873511F1D98B600A69751 /* Debug */,
				F32873521F1D98B600A69751 /* Release */,
			);
			defaultConfigurationIsVisible = 0;
			defaultConfigurationName = Release;
		};
		F32873531F1D98B600A69751 /* Build configuration list for PBXNativeTarget "newFlag" */ = {
			isa = XCConfigurationList;
			buildConfigurations = (
				F32873541F1D98B600A69751 /* Debug */,
				F32873551F1D98B600A69751 /* Release */,
			);
			defaultConfigurationIsVisible = 0;
			defaultConfigurationName = Release;
		};
/* End XCConfigurationList section */
	};
	rootObject = F32873391F1D98B600A69751 /* Project object */;
}
